
Microsoft Visual Studio Solution File, Format Version 12.00
# Visual Studio 2012
Project("{FAE04EC0-301F-11D3-BF4B-00C04F79EFBC}") = "QLTHI_TTTINHOC", "QLTHI_TTTINHOC\QLTHI_TTTINHOC.csproj", "{63F67EEB-0F99-49D0-85B8-E9028DEAC846}"
EndProject
Global
	GlobalSection(SolutionConfigurationPlatforms) = preSolution
		Debug|Any CPU = Debug|Any CPU
		Release|Any CPU = Release|Any CPU
	EndGlobalSection
	GlobalSection(ProjectConfigurationPlatforms) = postSolution
		{63F67EEB-0F99-49D0-85B8-E9028DEAC846}.Debug|Any CPU.ActiveCfg = Debug|Any CPU
		{63F67EEB-0F99-49D0-85B8-E9028DEAC846}.Debug|Any CPU.Build.0 = Debug|Any CPU
		{63F67EEB-0F99-49D0-85B8-E9028DEAC846}.Release|Any CPU.ActiveCfg = Release|Any CPU
		{63F67EEB-0F99-49D0-85B8-E9028DEAC846}.Release|Any CPU.Build.0 = Release|Any CPU
	EndGlobalSection
	GlobalSection(SolutionProperties) = preSolution
		HideSolutionNode = FALSE
	EndGlobalSection
EndGlobal
